{
  "nodes": {
    "darwin": {
      "inputs": {
        "nixpkgs": [
          "nixpkgs"
        ]
      },
      "locked": {
        "lastModified": 1748149228,
        "narHash": "sha256-mmonYFesFo42UUS49Hd0bcbVJRWX/aHBCDYUkkvylf4=",
        "owner": "nix-darwin",
        "repo": "nix-darwin",
        "rev": "a9939228f661df370c4094fe85f683e45d761dbe",
        "type": "github"
      },
      "original": {
        "owner": "nix-darwin",
        "repo": "nix-darwin",
        "type": "github"
      }
    },
    "dt": {
      "inputs": {
        "nixpkgs": [
          "nixpkgs"
        ]
      },
      "locked": {
        "lastModified": 1748445110,
        "narHash": "sha256-P9gerQ5aLHh5PCpTFw2veqQpv4B8LNAR5zqQeuz2LUw=",
        "owner": "smoothprogrammer",
        "repo": "dt",
        "rev": "3802a9d94494152adc53d39bfbec9a4708786526",
        "type": "github"
      },
      "original": {
        "owner": "smoothprogrammer",
        "repo": "dt",
        "type": "github"
      }
    },
    "home-manager": {
      "inputs": {
        "nixpkgs": [
          "nixpkgs"
        ]
      },
      "locked": {
        "lastModified": 1748227609,
        "narHash": "sha256-SaSdslyo6UGDpPUlmrPA4dWOEuxCy2ihRN9K6BnqYsA=",
        "owner": "nix-community",
        "repo": "home-manager",
        "rev": "d23d20f55d49d8818ac1f1b2783671e8a6725022",
        "type": "github"
      },
      "original": {
        "owner": "nix-community",
        "repo": "home-manager",
        "type": "github"
      }
    },
    "home-manager_2": {
      "inputs": {
        "nixpkgs": [
          "zen-browser",
          "nixpkgs"
        ]
      },
      "locked": {
        "lastModified": 1743604125,
        "narHash": "sha256-ZD61DNbsBt1mQbinAaaEqKaJk2RFo9R/j+eYWeGMx7A=",
        "owner": "nix-community",
        "repo": "home-manager",
        "rev": "180fd43eea296e62ae68e079fcf56aba268b9a1a",
        "type": "github"
      },
      "original": {
        "owner": "nix-community",
        "repo": "home-manager",
        "type": "github"
      }
    },
    "homini": {
      "inputs": {
        "nixpkgs": [
          "nixpkgs"
        ]
      },
      "locked": {
        "lastModified": 1747895824,
        "narHash": "sha256-hrF60R1uPQ51vIPXPQY16H0P4EQtCe6An85ZMkeVnvA=",
        "owner": "smoothprogrammer",
        "repo": "homini",
        "rev": "f748e387d8261df3ac860ee5969b9cd41f568c3d",
        "type": "github"
      },
      "original": {
        "owner": "smoothprogrammer",
        "repo": "homini",
        "type": "github"
      }
    },
    "nixpkgs": {
      "locked": {
        "lastModified": 1748329892,
        "narHash": "sha256-1IvXUnfyb7OJVLELBnyZtBuViZ/p0ZEQGo/omGEoB0M=",
        "owner": "NixOS",
        "repo": "nixpkgs",
        "rev": "fd695452f4da00d010ec3caf700204461c08251d",
        "type": "github"
      },
      "original": {
        "owner": "NixOS",
        "ref": "nixpkgs-unstable",
        "repo": "nixpkgs",
        "type": "github"
      }
    },
    "root": {
      "inputs": {
        "darwin": "darwin",
        "dt": "dt",
        "home-manager": "home-manager",
        "homini": "homini",
        "nixpkgs": "nixpkgs",
        "zen-browser": "zen-browser"
      }
    },
    "zen-browser": {
      "inputs": {
        "home-manager": "home-manager_2",
        "nixpkgs": [
          "nixpkgs"
        ]
      },
      "locked": {
        "lastModified": 1748229380,
        "narHash": "sha256-ulYljT6A8/v9QsMWnTsDYxa1/bG/22Ufy+KfrN4jA74=",
        "owner": "0xc000022070",
        "repo": "zen-browser-flake",
        "rev": "14207b0fc7caba6b6a9c7a9aecf7f901435daa93",
        "type": "github"
      },
      "original": {
        "owner": "0xc000022070",
        "repo": "zen-browser-flake",
        "type": "github"
      }
    }
  },
  "root": "root",
  "version": 7
}
