{
  "nodes": {
    "darwin": {
      "inputs": {
        "nixpkgs": [
          "nixpkgs"
        ]
      },
      "locked": {
        "lastModified": 1729579044,
        "narHash": "sha256-0kEUVl5s8LHbK4/xEePflsdYVwG+RRFSIofSvITYmIU=",
        "owner": "LnL7",
        "repo": "nix-darwin",
        "rev": "64d9d1ae25215c274c37e3e4016977a6779cf0d3",
        "type": "github"
      },
      "original": {
        "owner": "LnL7",
        "repo": "nix-darwin",
        "type": "github"
      }
    },
    "dt": {
      "inputs": {
        "nixpkgs": [
          "nixpkgs"
        ]
      },
      "locked": {
        "lastModified": 1730636034,
        "narHash": "sha256-LKD9XdnfvwXSqr5JDdN9hDZgC4cb0Qi/7GjMefTPkRk=",
        "owner": "minizilla",
        "repo": "dt",
        "rev": "ca1134c40e9be035254e0409436299a8dd25c469",
        "type": "github"
      },
      "original": {
        "owner": "minizilla",
        "repo": "dt",
        "type": "github"
      }
    },
    "home-manager": {
      "inputs": {
        "nixpkgs": [
          "nixpkgs"
        ]
      },
      "locked": {
        "lastModified": 1729551526,
        "narHash": "sha256-7LAGY32Xl14OVQp3y6M43/0AtHYYvV6pdyBcp3eoz0s=",
        "owner": "nix-community",
        "repo": "home-manager",
        "rev": "5ec753a1fc4454df9285d8b3ec0809234defb975",
        "type": "github"
      },
      "original": {
        "owner": "nix-community",
        "repo": "home-manager",
        "type": "github"
      }
    },
    "homini": {
      "inputs": {
        "nixpkgs": [
          "nixpkgs"
        ]
      },
      "locked": {
        "lastModified": 1700635991,
        "narHash": "sha256-B7V9GiRvxFim+sHfjQjYGpgJPVlZ6RuWaKSFdh/y6ok=",
        "owner": "minizilla",
        "repo": "homini",
        "rev": "fb5c600706bb897e1677fb7255580405364de055",
        "type": "github"
      },
      "original": {
        "owner": "minizilla",
        "repo": "homini",
        "type": "github"
      }
    },
    "nixpkgs": {
      "locked": {
        "lastModified": 1729265718,
        "narHash": "sha256-4HQI+6LsO3kpWTYuVGIzhJs1cetFcwT7quWCk/6rqeo=",
        "owner": "NixOS",
        "repo": "nixpkgs",
        "rev": "ccc0c2126893dd20963580b6478d1a10a4512185",
        "type": "github"
      },
      "original": {
        "owner": "NixOS",
        "ref": "nixpkgs-unstable",
        "repo": "nixpkgs",
        "type": "github"
      }
    },
    "root": {
      "inputs": {
        "darwin": "darwin",
        "dt": "dt",
        "home-manager": "home-manager",
        "homini": "homini",
        "nixpkgs": "nixpkgs"
      }
    }
  },
  "root": "root",
  "version": 7
}
